
Microsoft Visual Studio Solution File, Format Version 12.00
# Visual Studio Version 17
VisualStudioVersion = 17.13.35913.81 d17.13
MinimumVisualStudioVersion = 10.0.40219.1
Project("{2150E333-8FDC-42A3-9474-1A3956D46DE8}") = "1. Presentation", "1. Presentation", "{02EA681E-C7D8-13C7-8484-4AC65E1B71E8}"
EndProject
Project("{2150E333-8FDC-42A3-9474-1A3956D46DE8}") = "2. Application", "2. Application", "{E30993B0-5463-483C-BD83-8AEC12F935BD}"
EndProject
Project("{2150E333-8FDC-42A3-9474-1A3956D46DE8}") = "3. Domain", "3. Domain", "{38A6C731-ECBE-4019-9156-AE20E8C2E19B}"
EndProject
Project("{2150E333-8FDC-42A3-9474-1A3956D46DE8}") = "4. Infra", "4. Infra", "{7D4868CA-2785-411A-B85C-B30416D18606}"
EndProject
Project("{2150E333-8FDC-42A3-9474-1A3956D46DE8}") = "WebUI", "WebUI", "{F88225F7-930C-48C5-BB02-3F40EA139811}"
EndProject
Project("{2150E333-8FDC-42A3-9474-1A3956D46DE8}") = "Common", "Common", "{C46E7EAD-88DC-412D-8508-64FDEC3A51C1}"
EndProject
Project("{FAE04EC0-301F-11D3-BF4B-00C04F79EFBC}") = "WebUI", "WebUI\WebUI\WebUI.csproj", "{40DF7B2F-46F8-4595-BAD2-EC4D64CCA83B}"
EndProject
Project("{FAE04EC0-301F-11D3-BF4B-00C04F79EFBC}") = "WebUI.Client", "WebUI\WebUI.Client\WebUI.Client.csproj", "{4CA9F65B-531B-431B-B28F-F70E8A6A2DDE}"
EndProject
Project("{FAE04EC0-301F-11D3-BF4B-00C04F79EFBC}") = "Presentation", "Presentation\Presentation.csproj", "{B0DF3078-76BA-4FE0-9453-3617117EA653}"
EndProject
Project("{FAE04EC0-301F-11D3-BF4B-00C04F79EFBC}") = "Application", "Application\Application.csproj", "{E873CEEB-D305-4EC1-A72E-F1ADBC366971}"
EndProject
Project("{FAE04EC0-301F-11D3-BF4B-00C04F79EFBC}") = "Domain", "Domain\Domain.csproj", "{4F876CE0-E18D-439B-8F5B-A476F87A8357}"
EndProject
Project("{FAE04EC0-301F-11D3-BF4B-00C04F79EFBC}") = "Infra", "Infra\Infra.csproj", "{4BDFB248-8442-47E1-8950-59C29002C81B}"
EndProject
Global
	GlobalSection(SolutionConfigurationPlatforms) = preSolution
		Debug|Any CPU = Debug|Any CPU
		Release|Any CPU = Release|Any CPU
	EndGlobalSection
	GlobalSection(ProjectConfigurationPlatforms) = postSolution
		{40DF7B2F-46F8-4595-BAD2-EC4D64CCA83B}.Debug|Any CPU.ActiveCfg = Debug|Any CPU
		{40DF7B2F-46F8-4595-BAD2-EC4D64CCA83B}.Debug|Any CPU.Build.0 = Debug|Any CPU
		{40DF7B2F-46F8-4595-BAD2-EC4D64CCA83B}.Release|Any CPU.ActiveCfg = Release|Any CPU
		{40DF7B2F-46F8-4595-BAD2-EC4D64CCA83B}.Release|Any CPU.Build.0 = Release|Any CPU
		{4CA9F65B-531B-431B-B28F-F70E8A6A2DDE}.Debug|Any CPU.ActiveCfg = Debug|Any CPU
		{4CA9F65B-531B-431B-B28F-F70E8A6A2DDE}.Debug|Any CPU.Build.0 = Debug|Any CPU
		{4CA9F65B-531B-431B-B28F-F70E8A6A2DDE}.Release|Any CPU.ActiveCfg = Release|Any CPU
		{4CA9F65B-531B-431B-B28F-F70E8A6A2DDE}.Release|Any CPU.Build.0 = Release|Any CPU
		{B0DF3078-76BA-4FE0-9453-3617117EA653}.Debug|Any CPU.ActiveCfg = Debug|Any CPU
		{B0DF3078-76BA-4FE0-9453-3617117EA653}.Debug|Any CPU.Build.0 = Debug|Any CPU
		{B0DF3078-76BA-4FE0-9453-3617117EA653}.Release|Any CPU.ActiveCfg = Release|Any CPU
		{B0DF3078-76BA-4FE0-9453-3617117EA653}.Release|Any CPU.Build.0 = Release|Any CPU
		{E873CEEB-D305-4EC1-A72E-F1ADBC366971}.Debug|Any CPU.ActiveCfg = Debug|Any CPU
		{E873CEEB-D305-4EC1-A72E-F1ADBC366971}.Debug|Any CPU.Build.0 = Debug|Any CPU
		{E873CEEB-D305-4EC1-A72E-F1ADBC366971}.Release|Any CPU.ActiveCfg = Release|Any CPU
		{E873CEEB-D305-4EC1-A72E-F1ADBC366971}.Release|Any CPU.Build.0 = Release|Any CPU
		{4F876CE0-E18D-439B-8F5B-A476F87A8357}.Debug|Any CPU.ActiveCfg = Debug|Any CPU
		{4F876CE0-E18D-439B-8F5B-A476F87A8357}.Debug|Any CPU.Build.0 = Debug|Any CPU
		{4F876CE0-E18D-439B-8F5B-A476F87A8357}.Release|Any CPU.ActiveCfg = Release|Any CPU
		{4F876CE0-E18D-439B-8F5B-A476F87A8357}.Release|Any CPU.Build.0 = Release|Any CPU
		{4BDFB248-8442-47E1-8950-59C29002C81B}.Debug|Any CPU.ActiveCfg = Debug|Any CPU
		{4BDFB248-8442-47E1-8950-59C29002C81B}.Debug|Any CPU.Build.0 = Debug|Any CPU
		{4BDFB248-8442-47E1-8950-59C29002C81B}.Release|Any CPU.ActiveCfg = Release|Any CPU
		{4BDFB248-8442-47E1-8950-59C29002C81B}.Release|Any CPU.Build.0 = Release|Any CPU
	EndGlobalSection
	GlobalSection(SolutionProperties) = preSolution
		HideSolutionNode = FALSE
	EndGlobalSection
	GlobalSection(NestedProjects) = preSolution
		{F88225F7-930C-48C5-BB02-3F40EA139811} = {02EA681E-C7D8-13C7-8484-4AC65E1B71E8}
		{C46E7EAD-88DC-412D-8508-64FDEC3A51C1} = {02EA681E-C7D8-13C7-8484-4AC65E1B71E8}
		{40DF7B2F-46F8-4595-BAD2-EC4D64CCA83B} = {F88225F7-930C-48C5-BB02-3F40EA139811}
		{4CA9F65B-531B-431B-B28F-F70E8A6A2DDE} = {F88225F7-930C-48C5-BB02-3F40EA139811}
		{B0DF3078-76BA-4FE0-9453-3617117EA653} = {C46E7EAD-88DC-412D-8508-64FDEC3A51C1}
		{E873CEEB-D305-4EC1-A72E-F1ADBC366971} = {E30993B0-5463-483C-BD83-8AEC12F935BD}
		{4F876CE0-E18D-439B-8F5B-A476F87A8357} = {38A6C731-ECBE-4019-9156-AE20E8C2E19B}
		{4BDFB248-8442-47E1-8950-59C29002C81B} = {7D4868CA-2785-411A-B85C-B30416D18606}
	EndGlobalSection
	GlobalSection(ExtensibilityGlobals) = postSolution
		SolutionGuid = {5A6137FD-0F92-4FAB-A395-6A1101CAF82F}
	EndGlobalSection
EndGlobal
